
Microsoft Visual Studio Solution File, Format Version 12.00
# Visual Studio Version 17
VisualStudioVersion = 17.1.31911.260
MinimumVisualStudioVersion = 10.0.40219.1
Project("{888888A0-9F3D-457C-B088-3A5042F75D52}") = "BestBuyStockBot", "BestBuyStockBot\BestBuyStockBot.pyproj", "{3535DA29-3F2A-442D-B8BD-F2AE5EFB84FF}"
EndProject
Global
	GlobalSection(SolutionConfigurationPlatforms) = preSolution
		Debug|Any CPU = Debug|Any CPU
		Release|Any CPU = Release|Any CPU
	EndGlobalSection
	GlobalSection(ProjectConfigurationPlatforms) = postSolution
		{3535DA29-3F2A-442D-B8BD-F2AE5EFB84FF}.Debug|Any CPU.ActiveCfg = Debug|Any CPU
		{3535DA29-3F2A-442D-B8BD-F2AE5EFB84FF}.Release|Any CPU.ActiveCfg = Release|Any CPU
	EndGlobalSection
	GlobalSection(SolutionProperties) = preSolution
		HideSolutionNode = FALSE
	EndGlobalSection
	GlobalSection(ExtensibilityGlobals) = postSolution
		SolutionGuid = {5B7CED42-B656-4E7E-95BC-847EBFF000A9}
	EndGlobalSection
EndGlobal
